lockfileVersion: '9.0'

settings:
  autoInstallPeers: true
  excludeLinksFromLockfile: false

importers:

  .:
    devDependencies:
      react:
        specifier: ^19.2.3
        version: 19.2.3

packages:

  react@19.2.3:
    resolution: {integrity: sha512-Ku/hhYbVjOQnXDZFv2+RibmLFGwFdeeKHFcOTlrt7xplBnya5OGn/hIRDsqDiSUcfORsDC7MPxwork8jBwsIWA==}
    engines: {node: '>=0.10.0'}

snapshots:

  react@19.2.3: {}
